// !$*UTF8*$!
{
	archiveVersion = 1;
	classes = {
	};
	objectVersion = 77;
	objects = {

/* Begin PBXContainerItemProxy section */
		3467E9282EFC480100578428 /* PBXContainerItemProxy */ = {
			isa = PBXContainerItemProxy;
			containerPortal = 3467E9122EFC480000578428 /* Project object */;
			proxyType = 1;
			remoteGlobalIDString = 3467E9192EFC480000578428;
			remoteInfo = WorkSmartNotHard;
		};
		3467E9322EFC480100578428 /* PBXContainerItemProxy */ = {
			isa = PBXContainerItemProxy;
			containerPortal = 3467E9122EFC480000578428 /* Project object */;
			proxyType = 1;
			remoteGlobalIDString = 3467E9192EFC480000578428;
			remoteInfo = WorkSmartNotHard;
		};
/* End PBXContainerItemProxy section */

/* Begin PBXFileReference section */
		3467E91A2EFC480000578428 /* WorkSmartNotHard.app */ = {isa = PBXFileReference; explicitFileType = wrapper.application; includeInIndex = 0; path = WorkSmartNotHard.app; sourceTree = BUILT_PRODUCTS_DIR; };
		3467E9272EFC480100578428 /* WorkSmartNotHardTests.xctest */ = {isa = PBXFileReference; explicitFileType = wrapper.cfbundle; includeInIndex = 0; path = WorkSmartNotHardTests.xctest; sourceTree = BUILT_PRODUCTS_DIR; };
		3467E9312EFC480100578428 /* WorkSmartNotHardUITests.xctest */ = {isa = PBXFileReference; explicitFileType = wrapper.cfbundle; includeInIndex = 0; path = WorkSmartNotHardUITests.xctest; sourceTree = BUILT_PRODUCTS_DIR; };
/* End PBXFileReference section */

/* Begin PBXFileSystemSynchronizedRootGroup section */
		3467E91C2EFC480000578428 /* WorkSmartNotHard */ = {
			isa = PBXFileSystemSynchronizedRootGroup;
			path = WorkSmartNotHard;
			sourceTree = "<group>";
		};
		3467E92A2EFC480100578428 /* WorkSmartNotHardTests */ = {
			isa = PBXFileSystemSynchronizedRootGroup;
			path = WorkSmartNotHardTests;
			sourceTree = "<group>";
		};
		3467E9342EFC480100578428 /* WorkSmartNotHardUITests */ = {
			isa = PBXFileSystemSynchronizedRootGroup;
			path = WorkSmartNotHardUITests;
			sourceTree = "<group>";
		};
/* End PBXFileSystemSynchronizedRootGroup section */

/* Begin PBXFrameworksBuildPhase section */
		3467E9172EFC480000578428 /* Frameworks */ = {
			isa = PBXFrameworksBuildPhase;
			buildActionMask = 2147483647;
			files = (
			);
			runOnlyForDeploymentPostprocessing = 0;
		};
		3467E9242EFC480100578428 /* Frameworks */ = {
			isa = PBXFrameworksBuildPhase;
			buildActionMask = 2147483647;
			files = (
			);
			runOnlyForDeploymentPostprocessing = 0;
		};
		3467E92E2EFC480100578428 /* Frameworks */ = {
			isa = PBXFrameworksBuildPhase;
			buildActionMask = 2147483647;
			files = (
			);
			runOnlyForDeploymentPostprocessing = 0;
		};
/* End PBXFrameworksBuildPhase section */

/* Begin PBXGroup section */
		3467E9112EFC480000578428 = {
			isa = PBXGroup;
			children = (
				3467E91C2EFC480000578428 /* WorkSmartNotHard */,
				3467E92A2EFC480100578428 /* WorkSmartNotHardTests */,
				3467E9342EFC480100578428 /* WorkSmartNotHardUITests */,
				3467E91B2EFC480000578428 /* Products */,
			);
			sourceTree = "<group>";
		};
		3467E91B2EFC480000578428 /* Products */ = {
			isa = PBXGroup;
			children = (
				3467E91A2EFC480000578428 /* WorkSmartNotHard.app */,
				3467E9272EFC480100578428 /* WorkSmartNotHardTests.xctest */,
				3467E9312EFC480100578428 /* WorkSmartNotHardUITests.xctest */,
			);
			name = Products;
			sourceTree = "<group>";
		};
/* End PBXGroup section */

/* Begin PBXNativeTarget section */
		3467E9192EFC480000578428 /* WorkSmartNotHard */ = {
			isa = PBXNativeTarget;
			buildConfigurationList = 3467E93B2EFC480100578428 /* Build configuration list for PBXNativeTarget "WorkSmartNotHard" */;
			buildPhases = (
				3467E9162EFC480000578428 /* Sources */,
				3467E9172EFC480000578428 /* Frameworks */,
				3467E9182EFC480000578428 /* Resources */,
			);
			buildRules = (
			);
			dependencies = (
			);
			fileSystemSynchronizedGroups = (
				3467E91C2EFC480000578428 /* WorkSmartNotHard */,
			);
			name = WorkSmartNotHard;
			packageProductDependencies = (
			);
			productName = WorkSmartNotHard;
			productReference = 3467E91A2EFC480000578428 /* WorkSmartNotHard.app */;
			productType = "com.apple.product-type.application";
		};
		3467E9262EFC480100578428 /* WorkSmartNotHardTests */ = {
			isa = PBXNativeTarget;
			buildConfigurationList = 3467E93E2EFC480100578428 /* Build configuration list for PBXNativeTarget "WorkSmartNotHardTests" */;
			buildPhases = (
				3467E9232EFC480100578428 /* Sources */,
				3467E9242EFC480100578428 /* Frameworks */,
				3467E9252EFC480100578428 /* Resources */,
			);
			buildRules = (
			);
			dependencies = (
				3467E9292EFC480100578428 /* PBXTargetDependency */,
			);
			fileSystemSynchronizedGroups = (
				3467E92A2EFC480100578428 /* WorkSmartNotHardTests */,
			);
			name = WorkSmartNotHardTests;
			packageProductDependencies = (
			);
			productName = WorkSmartNotHardTests;
			productReference = 3467E9272EFC480100578428 /* WorkSmartNotHardTests.xctest */;
			productType = "com.apple.product-type.bundle.unit-test";
		};
		3467E9302EFC480100578428 /* WorkSmartNotHardUITests */ = {
			isa = PBXNativeTarget;
			buildConfigurationList = 3467E9412EFC480100578428 /* Build configuration list for PBXNativeTarget "WorkSmartNotHardUITests" */;
			buildPhases = (
				3467E92D2EFC480100578428 /* Sources */,
				3467E92E2EFC480100578428 /* Frameworks */,
				3467E92F2EFC480100578428 /* Resources */,
			);
			buildRules = (
			);
			dependencies = (
				3467E9332EFC480100578428 /* PBXTargetDependency */,
			);
			fileSystemSynchronizedGroups = (
				3467E9342EFC480100578428 /* WorkSmartNotHardUITests */,
			);
			name = WorkSmartNotHardUITests;
			packageProductDependencies = (
			);
			productName = WorkSmartNotHardUITests;
			productReference = 3467E9312EFC480100578428 /* WorkSmartNotHardUITests.xctest */;
			productType = "com.apple.product-type.bundle.ui-testing";
		};
/* End PBXNativeTarget section */

/* Begin PBXProject section */
		3467E9122EFC480000578428 /* Project object */ = {
			isa = PBXProject;
			attributes = {
				BuildIndependentTargetsInParallel = 1;
				LastSwiftUpdateCheck = 1640;
				LastUpgradeCheck = 1640;
				TargetAttributes = {
					3467E9192EFC480000578428 = {
						CreatedOnToolsVersion = 16.4;
					};
					3467E9262EFC480100578428 = {
						CreatedOnToolsVersion = 16.4;
						TestTargetID = 3467E9192EFC480000578428;
					};
					3467E9302EFC480100578428 = {
						CreatedOnToolsVersion = 16.4;
						TestTargetID = 3467E9192EFC480000578428;
					};
				};
			};
			buildConfigurationList = 3467E9152EFC480000578428 /* Build configuration list for PBXProject "WorkSmartNotHard" */;
			developmentRegion = en;
			hasScannedForEncodings = 0;
			knownRegions = (
				en,
				Base,
			);
			mainGroup = 3467E9112EFC480000578428;
			minimizedProjectReferenceProxies = 1;
			preferredProjectObjectVersion = 77;
			productRefGroup = 3467E91B2EFC480000578428 /* Products */;
			projectDirPath = "";
			projectRoot = "";
			targets = (
				3467E9192EFC480000578428 /* WorkSmartNotHard */,
				3467E9262EFC480100578428 /* WorkSmartNotHardTests */,
				3467E9302EFC480100578428 /* WorkSmartNotHardUITests */,
			);
		};
/* End PBXProject section */

/* Begin PBXResourcesBuildPhase section */
		3467E9182EFC480000578428 /* Resources */ = {
			isa = PBXResourcesBuildPhase;
			buildActionMask = 2147483647;
			files = (
			);
			runOnlyForDeploymentPostprocessing = 0;
		};
		3467E9252EFC480100578428 /* Resources */ = {
			isa = PBXResourcesBuildPhase;
			buildActionMask = 2147483647;
			files = (
			);
			runOnlyForDeploymentPostprocessing = 0;
		};
		3467E92F2EFC480100578428 /* Resources */ = {
			isa = PBXResourcesBuildPhase;
			buildActionMask = 2147483647;
			files = (
			);
			runOnlyForDeploymentPostprocessing = 0;
		};
/* End PBXResourcesBuildPhase section */

/* Begin PBXSourcesBuildPhase section */
		3467E9162EFC480000578428 /* Sources */ = {
			isa = PBXSourcesBuildPhase;
			buildActionMask = 2147483647;
			files = (
			);
			runOnlyForDeploymentPostprocessing = 0;
		};
		3467E9232EFC480100578428 /* Sources */ = {
			isa = PBXSourcesBuildPhase;
			buildActionMask = 2147483647;
			files = (
			);
			runOnlyForDeploymentPostprocessing = 0;
		};
		3467E92D2EFC480100578428 /* Sources */ = {
			isa = PBXSourcesBuildPhase;
			buildActionMask = 2147483647;
			files = (
			);
			runOnlyForDeploymentPostprocessing = 0;
		};
/* End PBXSourcesBuildPhase section */

/* Begin PBXTargetDependency section */
		3467E9292EFC480100578428 /* PBXTargetDependency */ = {
			isa = PBXTargetDependency;
			target = 3467E9192EFC480000578428 /* WorkSmartNotHard */;
			targetProxy = 3467E9282EFC480100578428 /* PBXContainerItemProxy */;
		};
		3467E9332EFC480100578428 /* PBXTargetDependency */ = {
			isa = PBXTargetDependency;
			target = 3467E9192EFC480000578428 /* WorkSmartNotHard */;
			targetProxy = 3467E9322EFC480100578428 /* PBXContainerItemProxy */;
		};
/* End PBXTargetDependency section */

/* Begin XCBuildConfiguration section */
		3467E9392EFC480100578428 /* Debug */ = {
			isa = XCBuildConfiguration;
			buildSettings = {
				ALWAYS_SEARCH_USER_PATHS = NO;
				ASSETCATALOG_COMPILER_GENERATE_SWIFT_ASSET_SYMBOL_EXTENSIONS = YES;
				CLANG_ANALYZER_NONNULL = YES;
				CLANG_ANALYZER_NUMBER_OBJECT_CONVERSION = YES_AGGRESSIVE;
				CLANG_CXX_LANGUAGE_STANDARD = "gnu++20";
				CLANG_ENABLE_MODULES = YES;
				CLANG_ENABLE_OBJC_ARC = YES;
				CLANG_ENABLE_OBJC_WEAK = YES;
				CLANG_WARN_BLOCK_CAPTURE_AUTORELEASING = YES;
				CLANG_WARN_BOOL_CONVERSION = YES;
				CLANG_WARN_COMMA = YES;
				CLANG_WARN_CONSTANT_CONVERSION = YES;
				CLANG_WARN_DEPRECATED_OBJC_IMPLEMENTATIONS = YES;
				CLANG_WARN_DIRECT_OBJC_ISA_USAGE = YES_ERROR;
				CLANG_WARN_DOCUMENTATION_COMMENTS = YES;
				CLANG_WARN_EMPTY_BODY = YES;
				CLANG_WARN_ENUM_CONVERSION = YES;
				CLANG_WARN_INFINITE_RECURSION = YES;
				CLANG_WARN_INT_CONVERSION = YES;
				CLANG_WARN_NON_LITERAL_NULL_CONVERSION = YES;
				CLANG_WARN_OBJC_IMPLICIT_RETAIN_SELF = YES;
				CLANG_WARN_OBJC_LITERAL_CONVERSION = YES;
				CLANG_WARN_OBJC_ROOT_CLASS = YES_ERROR;
				CLANG_WARN_QUOTED_INCLUDE_IN_FRAMEWORK_HEADER = YES;
				CLANG_WARN_RANGE_LOOP_ANALYSIS = YES;
				CLANG_WARN_STRICT_PROTOTYPES = YES;
				CLANG_WARN_SUSPICIOUS_MOVE = YES;
				CLANG_WARN_UNGUARDED_AVAILABILITY = YES_AGGRESSIVE;
				CLANG_WARN_UNREACHABLE_CODE = YES;
				CLANG_WARN__DUPLICATE_METHOD_MATCH = YES;
				COPY_PHASE_STRIP = NO;
				DEBUG_INFORMATION_FORMAT = dwarf;
				ENABLE_STRICT_OBJC_MSGSEND = YES;
				ENABLE_TESTABILITY = YES;
				ENABLE_USER_SCRIPT_SANDBOXING = YES;
				GCC_C_LANGUAGE_STANDARD = gnu17;
				GCC_DYNAMIC_NO_PIC = NO;
				GCC_NO_COMMON_BLOCKS = YES;
				GCC_OPTIMIZATION_LEVEL = 0;
				GCC_PREPROCESSOR_DEFINITIONS = (
					"DEBUG=1",
					"$(inherited)",
				);
				GCC_WARN_64_TO_32_BIT_CONVERSION = YES;
				GCC_WARN_ABOUT_RETURN_TYPE = YES_ERROR;
				GCC_WARN_UNDECLARED_SELECTOR = YES;
				GCC_WARN_UNINITIALIZED_AUTOS = YES_AGGRESSIVE;
				GCC_WARN_UNUSED_FUNCTION = YES;
				GCC_WARN_UNUSED_VARIABLE = YES;
				IPHONEOS_DEPLOYMENT_TARGET = 18.5;
				LOCALIZATION_PREFERS_STRING_CATALOGS = YES;
				MTL_ENABLE_DEBUG_INFO = INCLUDE_SOURCE;
				MTL_FAST_MATH = YES;
				ONLY_ACTIVE_ARCH = YES;
				SDKROOT = iphoneos;
				SWIFT_ACTIVE_COMPILATION_CONDITIONS = "DEBUG $(inherited)";
				SWIFT_OPTIMIZATION_LEVEL = "-Onone";
			};
			name = Debug;
		};
		3467E93A2EFC480100578428 /* Release */ = {
			isa = XCBuildConfiguration;
			buildSettings = {
				ALWAYS_SEARCH_USER_PATHS = NO;
				ASSETCATALOG_COMPILER_GENERATE_SWIFT_ASSET_SYMBOL_EXTENSIONS = YES;
				CLANG_ANALYZER_NONNULL = YES;
				CLANG_ANALYZER_NUMBER_OBJECT_CONVERSION = YES_AGGRESSIVE;
				CLANG_CXX_LANGUAGE_STANDARD = "gnu++20";
				CLANG_ENABLE_MODULES = YES;
				CLANG_ENABLE_OBJC_ARC = YES;
				CLANG_ENABLE_OBJC_WEAK = YES;
				CLANG_WARN_BLOCK_CAPTURE_AUTORELEASING = YES;
				CLANG_WARN_BOOL_CONVERSION = YES;
				CLANG_WARN_COMMA = YES;
				CLANG_WARN_CONSTANT_CONVERSION = YES;
				CLANG_WARN_DEPRECATED_OBJC_IMPLEMENTATIONS = YES;
				CLANG_WARN_DIRECT_OBJC_ISA_USAGE = YES_ERROR;
				CLANG_WARN_DOCUMENTATION_COMMENTS = YES;
				CLANG_WARN_EMPTY_BODY = YES;
				CLANG_WARN_ENUM_CONVERSION = YES;
				CLANG_WARN_INFINITE_RECURSION = YES;
				CLANG_WARN_INT_CONVERSION = YES;
				CLANG_WARN_NON_LITERAL_NULL_CONVERSION = YES;
				CLANG_WARN_OBJC_IMPLICIT_RETAIN_SELF = YES;
				CLANG_WARN_OBJC_LITERAL_CONVERSION = YES;
				CLANG_WARN_OBJC_ROOT_CLASS = YES_ERROR;
				CLANG_WARN_QUOTED_INCLUDE_IN_FRAMEWORK_HEADER = YES;
				CLANG_WARN_RANGE_LOOP_ANALYSIS = YES;
				CLANG_WARN_STRICT_PROTOTYPES = YES;
				CLANG_WARN_SUSPICIOUS_MOVE = YES;
				CLANG_WARN_UNGUARDED_AVAILABILITY = YES_AGGRESSIVE;
				CLANG_WARN_UNREACHABLE_CODE = YES;
				CLANG_WARN__DUPLICATE_METHOD_MATCH = YES;
				COPY_PHASE_STRIP = NO;
				DEBUG_INFORMATION_FORMAT = "dwarf-with-dsym";
				ENABLE_NS_ASSERTIONS = NO;
				ENABLE_STRICT_OBJC_MSGSEND = YES;
				ENABLE_USER_SCRIPT_SANDBOXING = YES;
				GCC_C_LANGUAGE_STANDARD = gnu17;
				GCC_NO_COMMON_BLOCKS = YES;
				GCC_WARN_64_TO_32_BIT_CONVERSION = YES;
				GCC_WARN_ABOUT_RETURN_TYPE = YES_ERROR;
				GCC_WARN_UNDECLARED_SELECTOR = YES;
				GCC_WARN_UNINITIALIZED_AUTOS = YES_AGGRESSIVE;
				GCC_WARN_UNUSED_FUNCTION = YES;
				GCC_WARN_UNUSED_VARIABLE = YES;
				IPHONEOS_DEPLOYMENT_TARGET = 18.5;
				LOCALIZATION_PREFERS_STRING_CATALOGS = YES;
				MTL_ENABLE_DEBUG_INFO = NO;
				MTL_FAST_MATH = YES;
				SDKROOT = iphoneos;
				SWIFT_COMPILATION_MODE = wholemodule;
				VALIDATE_PRODUCT = YES;
			};
			name = Release;
		};
		3467E93C2EFC480100578428 /* Debug */ = {
			isa = XCBuildConfiguration;
			buildSettings = {
				ASSETCATALOG_COMPILER_APPICON_NAME = AppIcon;
				ASSETCATALOG_COMPILER_GLOBAL_ACCENT_COLOR_NAME = AccentColor;
				CODE_SIGN_STYLE = Automatic;
				CURRENT_PROJECT_VERSION = 1;
				ENABLE_PREVIEWS = YES;
				GENERATE_INFOPLIST_FILE = YES;
				INFOPLIST_KEY_UIApplicationSceneManifest_Generation = YES;
				INFOPLIST_KEY_UIApplicationSupportsIndirectInputEvents = YES;
				INFOPLIST_KEY_UILaunchScreen_Generation = YES;
				INFOPLIST_KEY_UISupportedInterfaceOrientations_iPad = "UIInterfaceOrientationPortrait UIInterfaceOrientationPortraitUpsideDown UIInterfaceOrientationLandscapeLeft UIInterfaceOrientationLandscapeRight";
				INFOPLIST_KEY_UISupportedInterfaceOrientations_iPhone = "UIInterfaceOrientationPortrait UIInterfaceOrientationLandscapeLeft UIInterfaceOrientationLandscapeRight";
				LD_RUNPATH_SEARCH_PATHS = (
					"$(inherited)",
					"@executable_path/Frameworks",
				);
				MARKETING_VERSION = 1.0;
				PRODUCT_BUNDLE_IDENTIFIER = com.ioannislevakos.WorkSmartNotHard;
				PRODUCT_NAME = "$(TARGET_NAME)";
				SWIFT_EMIT_LOC_STRINGS = YES;
				SWIFT_VERSION = 5.0;
				TARGETED_DEVICE_FAMILY = "1,2";
			};
			name = Debug;
		};
		3467E93D2EFC480100578428 /* Release */ = {
			isa = XCBuildConfiguration;
			buildSettings = {
				ASSETCATALOG_COMPILER_APPICON_NAME = AppIcon;
				ASSETCATALOG_COMPILER_GLOBAL_ACCENT_COLOR_NAME = AccentColor;
				CODE_SIGN_STYLE = Automatic;
				CURRENT_PROJECT_VERSION = 1;
				ENABLE_PREVIEWS = YES;
				GENERATE_INFOPLIST_FILE = YES;
				INFOPLIST_KEY_UIApplicationSceneManifest_Generation = YES;
				INFOPLIST_KEY_UIApplicationSupportsIndirectInputEvents = YES;
				INFOPLIST_KEY_UILaunchScreen_Generation = YES;
				INFOPLIST_KEY_UISupportedInterfaceOrientations_iPad = "UIInterfaceOrientationPortrait UIInterfaceOrientationPortraitUpsideDown UIInterfaceOrientationLandscapeLeft UIInterfaceOrientationLandscapeRight";
				INFOPLIST_KEY_UISupportedInterfaceOrientations_iPhone = "UIInterfaceOrientationPortrait UIInterfaceOrientationLandscapeLeft UIInterfaceOrientationLandscapeRight";
				LD_RUNPATH_SEARCH_PATHS = (
					"$(inherited)",
					"@executable_path/Frameworks",
				);
				MARKETING_VERSION = 1.0;
				PRODUCT_BUNDLE_IDENTIFIER = com.ioannislevakos.WorkSmartNotHard;
				PRODUCT_NAME = "$(TARGET_NAME)";
				SWIFT_EMIT_LOC_STRINGS = YES;
				SWIFT_VERSION = 5.0;
				TARGETED_DEVICE_FAMILY = "1,2";
			};
			name = Release;
		};
		3467E93F2EFC480100578428 /* Debug */ = {
			isa = XCBuildConfiguration;
			buildSettings = {
				BUNDLE_LOADER = "$(TEST_HOST)";
				CODE_SIGN_STYLE = Automatic;
				CURRENT_PROJECT_VERSION = 1;
				GENERATE_INFOPLIST_FILE = YES;
				IPHONEOS_DEPLOYMENT_TARGET = 18.5;
				MARKETING_VERSION = 1.0;
				PRODUCT_BUNDLE_IDENTIFIER = com.ioannislevakos.WorkSmartNotHardTests;
				PRODUCT_NAME = "$(TARGET_NAME)";
				SWIFT_EMIT_LOC_STRINGS = NO;
				SWIFT_VERSION = 5.0;
				TARGETED_DEVICE_FAMILY = "1,2";
				TEST_HOST = "$(BUILT_PRODUCTS_DIR)/WorkSmartNotHard.app/$(BUNDLE_EXECUTABLE_FOLDER_PATH)/WorkSmartNotHard";
			};
			name = Debug;
		};
		3467E9402EFC480100578428 /* Release */ = {
			isa = XCBuildConfiguration;
			buildSettings = {
				BUNDLE_LOADER = "$(TEST_HOST)";
				CODE_SIGN_STYLE = Automatic;
				CURRENT_PROJECT_VERSION = 1;
				GENERATE_INFOPLIST_FILE = YES;
				IPHONEOS_DEPLOYMENT_TARGET = 18.5;
				MARKETING_VERSION = 1.0;
				PRODUCT_BUNDLE_IDENTIFIER = com.ioannislevakos.WorkSmartNotHardTests;
				PRODUCT_NAME = "$(TARGET_NAME)";
				SWIFT_EMIT_LOC_STRINGS = NO;
				SWIFT_VERSION = 5.0;
				TARGETED_DEVICE_FAMILY = "1,2";
				TEST_HOST = "$(BUILT_PRODUCTS_DIR)/WorkSmartNotHard.app/$(BUNDLE_EXECUTABLE_FOLDER_PATH)/WorkSmartNotHard";
			};
			name = Release;
		};
		3467E9422EFC480100578428 /* Debug */ = {
			isa = XCBuildConfiguration;
			buildSettings = {
				CODE_SIGN_STYLE = Automatic;
				CURRENT_PROJECT_VERSION = 1;
				GENERATE_INFOPLIST_FILE = YES;
				MARKETING_VERSION = 1.0;
				PRODUCT_BUNDLE_IDENTIFIER = com.ioannislevakos.WorkSmartNotHardUITests;
				PRODUCT_NAME = "$(TARGET_NAME)";
				SWIFT_EMIT_LOC_STRINGS = NO;
				SWIFT_VERSION = 5.0;
				TARGETED_DEVICE_FAMILY = "1,2";
				TEST_TARGET_NAME = WorkSmartNotHard;
			};
			name = Debug;
		};
		3467E9432EFC480100578428 /* Release */ = {
			isa = XCBuildConfiguration;
			buildSettings = {
				CODE_SIGN_STYLE = Automatic;
				CURRENT_PROJECT_VERSION = 1;
				GENERATE_INFOPLIST_FILE = YES;
				MARKETING_VERSION = 1.0;
				PRODUCT_BUNDLE_IDENTIFIER = com.ioannislevakos.WorkSmartNotHardUITests;
				PRODUCT_NAME = "$(TARGET_NAME)";
				SWIFT_EMIT_LOC_STRINGS = NO;
				SWIFT_VERSION = 5.0;
				TARGETED_DEVICE_FAMILY = "1,2";
				TEST_TARGET_NAME = WorkSmartNotHard;
			};
			name = Release;
		};
/* End XCBuildConfiguration section */

/* Begin XCConfigurationList section */
		3467E9152EFC480000578428 /* Build configuration list for PBXProject "WorkSmartNotHard" */ = {
			isa = XCConfigurationList;
			buildConfigurations = (
				3467E9392EFC480100578428 /* Debug */,
				3467E93A2EFC480100578428 /* Release */,
			);
			defaultConfigurationIsVisible = 0;
			defaultConfigurationName = Release;
		};
		3467E93B2EFC480100578428 /* Build configuration list for PBXNativeTarget "WorkSmartNotHard" */ = {
			isa = XCConfigurationList;
			buildConfigurations = (
				3467E93C2EFC480100578428 /* Debug */,
				3467E93D2EFC480100578428 /* Release */,
			);
			defaultConfigurationIsVisible = 0;
			defaultConfigurationName = Release;
		};
		3467E93E2EFC480100578428 /* Build configuration list for PBXNativeTarget "WorkSmartNotHardTests" */ = {
			isa = XCConfigurationList;
			buildConfigurations = (
				3467E93F2EFC480100578428 /* Debug */,
				3467E9402EFC480100578428 /* Release */,
			);
			defaultConfigurationIsVisible = 0;
			defaultConfigurationName = Release;
		};
		3467E9412EFC480100578428 /* Build configuration list for PBXNativeTarget "WorkSmartNotHardUITests" */ = {
			isa = XCConfigurationList;
			buildConfigurations = (
				3467E9422EFC480100578428 /* Debug */,
				3467E9432EFC480100578428 /* Release */,
			);
			defaultConfigurationIsVisible = 0;
			defaultConfigurationName = Release;
		};
/* End XCConfigurationList section */
	};
	rootObject = 3467E9122EFC480000578428 /* Project object */;
}
